// !$*UTF8*$!
{
	archiveVersion = 1;
	classes = {
	};
	objectVersion = 46;
	objects = {

/* Begin PBXBuildFile section */
		DD50E7551857919000B2C285 /* Cocoa.framework in Frameworks */ = {isa = PBXBuildFile; fileRef = DD50E7541857919000B2C285 /* Cocoa.framework */; };
		DD50E75F1857919000B2C285 /* InfoPlist.strings in Resources */ = {isa = PBXBuildFile; fileRef = DD50E75D1857919000B2C285 /* InfoPlist.strings */; };
		DD50E7611857919000B2C285 /* main.m in Sources */ = {isa = PBXBuildFile; fileRef = DD50E7601857919000B2C285 /* main.m */; };
		DD50E7651857919000B2C285 /* Credits.rtf in Resources */ = {isa = PBXBuildFile; fileRef = DD50E7631857919000B2C285 /* Credits.rtf */; };
		DD50E7681857919000B2C285 /* TOAppDelegate.m in Sources */ = {isa = PBXBuildFile; fileRef = DD50E7671857919000B2C285 /* TOAppDelegate.m */; };
		DD50E76B1857919000B2C285 /* MainMenu.xib in Resources */ = {isa = PBXBuildFile; fileRef = DD50E7691857919000B2C285 /* MainMenu.xib */; };
		DD50E76D1857919000B2C285 /* Images.xcassets in Resources */ = {isa = PBXBuildFile; fileRef = DD50E76C1857919000B2C285 /* Images.xcassets */; };
		DD50E7741857919000B2C285 /* XCTest.framework in Frameworks */ = {isa = PBXBuildFile; fileRef = DD50E7731857919000B2C285 /* XCTest.framework */; };
		DD50E7751857919000B2C285 /* Cocoa.framework in Frameworks */ = {isa = PBXBuildFile; fileRef = DD50E7541857919000B2C285 /* Cocoa.framework */; };
		DD50E77D1857919000B2C285 /* InfoPlist.strings in Resources */ = {isa = PBXBuildFile; fileRef = DD50E77B1857919000B2C285 /* InfoPlist.strings */; };
		DD50E77F1857919000B2C285 /* TakeOutTests.m in Sources */ = {isa = PBXBuildFile; fileRef = DD50E77E1857919000B2C285 /* TakeOutTests.m */; };
/* End PBXBuildFile section */

/* Begin PBXContainerItemProxy section */
		DD50E7761857919000B2C285 /* PBXContainerItemProxy */ = {
			isa = PBXContainerItemProxy;
			containerPortal = DD50E7491857919000B2C285 /* Project object */;
			proxyType = 1;
			remoteGlobalIDString = DD50E7501857919000B2C285;
			remoteInfo = TakeOut;
		};
/* End PBXContainerItemProxy section */

/* Begin PBXFileReference section */
		DD50E7511857919000B2C285 /* TakeOut.app */ = {isa = PBXFileReference; explicitFileType = wrapper.application; includeInIndex = 0; path = TakeOut.app; sourceTree = BUILT_PRODUCTS_DIR; };
		DD50E7541857919000B2C285 /* Cocoa.framework */ = {isa = PBXFileReference; lastKnownFileType = wrapper.framework; name = Cocoa.framework; path = System/Library/Frameworks/Cocoa.framework; sourceTree = SDKROOT; };
		DD50E7571857919000B2C285 /* AppKit.framework */ = {isa = PBXFileReference; lastKnownFileType = wrapper.framework; name = AppKit.framework; path = System/Library/Frameworks/AppKit.framework; sourceTree = SDKROOT; };
		DD50E7581857919000B2C285 /* CoreData.framework */ = {isa = PBXFileReference; lastKnownFileType = wrapper.framework; name = CoreData.framework; path = System/Library/Frameworks/CoreData.framework; sourceTree = SDKROOT; };
		DD50E7591857919000B2C285 /* Foundation.framework */ = {isa = PBXFileReference; lastKnownFileType = wrapper.framework; name = Foundation.framework; path = System/Library/Frameworks/Foundation.framework; sourceTree = SDKROOT; };
		DD50E75C1857919000B2C285 /* TakeOut-Info.plist */ = {isa = PBXFileReference; lastKnownFileType = text.plist.xml; path = "TakeOut-Info.plist"; sourceTree = "<group>"; };
		DD50E75E1857919000B2C285 /* en */ = {isa = PBXFileReference; lastKnownFileType = text.plist.strings; name = en; path = en.lproj/InfoPlist.strings; sourceTree = "<group>"; };
		DD50E7601857919000B2C285 /* main.m */ = {isa = PBXFileReference; lastKnownFileType = sourcecode.c.objc; path = main.m; sourceTree = "<group>"; };
		DD50E7621857919000B2C285 /* TakeOut-Prefix.pch */ = {isa = PBXFileReference; lastKnownFileType = sourcecode.c.h; path = "TakeOut-Prefix.pch"; sourceTree = "<group>"; };
		DD50E7641857919000B2C285 /* en */ = {isa = PBXFileReference; lastKnownFileType = text.rtf; name = en; path = en.lproj/Credits.rtf; sourceTree = "<group>"; };
		DD50E7661857919000B2C285 /* TOAppDelegate.h */ = {isa = PBXFileReference; lastKnownFileType = sourcecode.c.h; path = TOAppDelegate.h; sourceTree = "<group>"; };
		DD50E7671857919000B2C285 /* TOAppDelegate.m */ = {isa = PBXFileReference; lastKnownFileType = sourcecode.c.objc; path = TOAppDelegate.m; sourceTree = "<group>"; };
		DD50E76A1857919000B2C285 /* Base */ = {isa = PBXFileReference; lastKnownFileType = file.xib; name = Base; path = Base.lproj/MainMenu.xib; sourceTree = "<group>"; };
		DD50E76C1857919000B2C285 /* Images.xcassets */ = {isa = PBXFileReference; lastKnownFileType = folder.assetcatalog; path = Images.xcassets; sourceTree = "<group>"; };
		DD50E7721857919000B2C285 /* TakeOutTests.xctest */ = {isa = PBXFileReference; explicitFileType = wrapper.cfbundle; includeInIndex = 0; path = TakeOutTests.xctest; sourceTree = BUILT_PRODUCTS_DIR; };
		DD50E7731857919000B2C285 /* XCTest.framework */ = {isa = PBXFileReference; lastKnownFileType = wrapper.framework; name = XCTest.framework; path = Library/Frameworks/XCTest.framework; sourceTree = DEVELOPER_DIR; };
		DD50E77A1857919000B2C285 /* TakeOutTests-Info.plist */ = {isa = PBXFileReference; lastKnownFileType = text.plist.xml; path = "TakeOutTests-Info.plist"; sourceTree = "<group>"; };
		DD50E77C1857919000B2C285 /* en */ = {isa = PBXFileReference; lastKnownFileType = text.plist.strings; name = en; path = en.lproj/InfoPlist.strings; sourceTree = "<group>"; };
		DD50E77E1857919000B2C285 /* TakeOutTests.m */ = {isa = PBXFileReference; lastKnownFileType = sourcecode.c.objc; path = TakeOutTests.m; sourceTree = "<group>"; };
/* End PBXFileReference section */

/* Begin PBXFrameworksBuildPhase section */
		DD50E74E1857919000B2C285 /* Frameworks */ = {
			isa = PBXFrameworksBuildPhase;
			buildActionMask = 2147483647;
			files = (
				DD50E7551857919000B2C285 /* Cocoa.framework in Frameworks */,
			);
			runOnlyForDeploymentPostprocessing = 0;
		};
		DD50E76F1857919000B2C285 /* Frameworks */ = {
			isa = PBXFrameworksBuildPhase;
			buildActionMask = 2147483647;
			files = (
				DD50E7751857919000B2C285 /* Cocoa.framework in Frameworks */,
				DD50E7741857919000B2C285 /* XCTest.framework in Frameworks */,
			);
			runOnlyForDeploymentPostprocessing = 0;
		};
/* End PBXFrameworksBuildPhase section */

/* Begin PBXGroup section */
		DD50E7481857919000B2C285 = {
			isa = PBXGroup;
			children = (
				DD50E75A1857919000B2C285 /* TakeOut */,
				DD50E7781857919000B2C285 /* TakeOutTests */,
				DD50E7531857919000B2C285 /* Frameworks */,
				DD50E7521857919000B2C285 /* Products */,
			);
			sourceTree = "<group>";
		};
		DD50E7521857919000B2C285 /* Products */ = {
			isa = PBXGroup;
			children = (
				DD50E7511857919000B2C285 /* TakeOut.app */,
				DD50E7721857919000B2C285 /* TakeOutTests.xctest */,
			);
			name = Products;
			sourceTree = "<group>";
		};
		DD50E7531857919000B2C285 /* Frameworks */ = {
			isa = PBXGroup;
			children = (
				DD50E7541857919000B2C285 /* Cocoa.framework */,
				DD50E7731857919000B2C285 /* XCTest.framework */,
				DD50E7561857919000B2C285 /* Other Frameworks */,
			);
			name = Frameworks;
			sourceTree = "<group>";
		};
		DD50E7561857919000B2C285 /* Other Frameworks */ = {
			isa = PBXGroup;
			children = (
				DD50E7571857919000B2C285 /* AppKit.framework */,
				DD50E7581857919000B2C285 /* CoreData.framework */,
				DD50E7591857919000B2C285 /* Foundation.framework */,
			);
			name = "Other Frameworks";
			sourceTree = "<group>";
		};
		DD50E75A1857919000B2C285 /* TakeOut */ = {
			isa = PBXGroup;
			children = (
				DD50E7661857919000B2C285 /* TOAppDelegate.h */,
				DD50E7671857919000B2C285 /* TOAppDelegate.m */,
				DD50E7691857919000B2C285 /* MainMenu.xib */,
				DD50E76C1857919000B2C285 /* Images.xcassets */,
				DD50E75B1857919000B2C285 /* Supporting Files */,
			);
			path = TakeOut;
			sourceTree = "<group>";
		};
		DD50E75B1857919000B2C285 /* Supporting Files */ = {
			isa = PBXGroup;
			children = (
				DD50E75C1857919000B2C285 /* TakeOut-Info.plist */,
				DD50E75D1857919000B2C285 /* InfoPlist.strings */,
				DD50E7601857919000B2C285 /* main.m */,
				DD50E7621857919000B2C285 /* TakeOut-Prefix.pch */,
				DD50E7631857919000B2C285 /* Credits.rtf */,
			);
			name = "Supporting Files";
			sourceTree = "<group>";
		};
		DD50E7781857919000B2C285 /* TakeOutTests */ = {
			isa = PBXGroup;
			children = (
				DD50E77E1857919000B2C285 /* TakeOutTests.m */,
				DD50E7791857919000B2C285 /* Supporting Files */,
			);
			path = TakeOutTests;
			sourceTree = "<group>";
		};
		DD50E7791857919000B2C285 /* Supporting Files */ = {
			isa = PBXGroup;
			children = (
				DD50E77A1857919000B2C285 /* TakeOutTests-Info.plist */,
				DD50E77B1857919000B2C285 /* InfoPlist.strings */,
			);
			name = "Supporting Files";
			sourceTree = "<group>";
		};
/* End PBXGroup section */

/* Begin PBXNativeTarget section */
		DD50E7501857919000B2C285 /* TakeOut */ = {
			isa = PBXNativeTarget;
			buildConfigurationList = DD50E7821857919000B2C285 /* Build configuration list for PBXNativeTarget "TakeOut" */;
			buildPhases = (
				DD50E74D1857919000B2C285 /* Sources */,
				DD50E74E1857919000B2C285 /* Frameworks */,
				DD50E74F1857919000B2C285 /* Resources */,
			);
			buildRules = (
			);
			dependencies = (
			);
			name = TakeOut;
			productName = TakeOut;
			productReference = DD50E7511857919000B2C285 /* TakeOut.app */;
			productType = "com.apple.product-type.application";
		};
		DD50E7711857919000B2C285 /* TakeOutTests */ = {
			isa = PBXNativeTarget;
			buildConfigurationList = DD50E7851857919000B2C285 /* Build configuration list for PBXNativeTarget "TakeOutTests" */;
			buildPhases = (
				DD50E76E1857919000B2C285 /* Sources */,
				DD50E76F1857919000B2C285 /* Frameworks */,
				DD50E7701857919000B2C285 /* Resources */,
			);
			buildRules = (
			);
			dependencies = (
				DD50E7771857919000B2C285 /* PBXTargetDependency */,
			);
			name = TakeOutTests;
			productName = TakeOutTests;
			productReference = DD50E7721857919000B2C285 /* TakeOutTests.xctest */;
			productType = "com.apple.product-type.bundle.unit-test";
		};
/* End PBXNativeTarget section */

/* Begin PBXProject section */
		DD50E7491857919000B2C285 /* Project object */ = {
			isa = PBXProject;
			attributes = {
				CLASSPREFIX = TO;
				LastUpgradeCheck = 0500;
				ORGANIZATIONNAME = MapBox;
				TargetAttributes = {
					DD50E7711857919000B2C285 = {
						TestTargetID = DD50E7501857919000B2C285;
					};
				};
			};
			buildConfigurationList = DD50E74C1857919000B2C285 /* Build configuration list for PBXProject "TakeOut" */;
			compatibilityVersion = "Xcode 3.2";
			developmentRegion = English;
			hasScannedForEncodings = 0;
			knownRegions = (
				en,
				Base,
			);
			mainGroup = DD50E7481857919000B2C285;
			productRefGroup = DD50E7521857919000B2C285 /* Products */;
			projectDirPath = "";
			projectRoot = "";
			targets = (
				DD50E7501857919000B2C285 /* TakeOut */,
				DD50E7711857919000B2C285 /* TakeOutTests */,
			);
		};
/* End PBXProject section */

/* Begin PBXResourcesBuildPhase section */
		DD50E74F1857919000B2C285 /* Resources */ = {
			isa = PBXResourcesBuildPhase;
			buildActionMask = 2147483647;
			files = (
				DD50E75F1857919000B2C285 /* InfoPlist.strings in Resources */,
				DD50E76D1857919000B2C285 /* Images.xcassets in Resources */,
				DD50E7651857919000B2C285 /* Credits.rtf in Resources */,
				DD50E76B1857919000B2C285 /* MainMenu.xib in Resources */,
			);
			runOnlyForDeploymentPostprocessing = 0;
		};
		DD50E7701857919000B2C285 /* Resources */ = {
			isa = PBXResourcesBuildPhase;
			buildActionMask = 2147483647;
			files = (
				DD50E77D1857919000B2C285 /* InfoPlist.strings in Resources */,
			);
			runOnlyForDeploymentPostprocessing = 0;
		};
/* End PBXResourcesBuildPhase section */

/* Begin PBXSourcesBuildPhase section */
		DD50E74D1857919000B2C285 /* Sources */ = {
			isa = PBXSourcesBuildPhase;
			buildActionMask = 2147483647;
			files = (
				DD50E7611857919000B2C285 /* main.m in Sources */,
				DD50E7681857919000B2C285 /* TOAppDelegate.m in Sources */,
			);
			runOnlyForDeploymentPostprocessing = 0;
		};
		DD50E76E1857919000B2C285 /* Sources */ = {
			isa = PBXSourcesBuildPhase;
			buildActionMask = 2147483647;
			files = (
				DD50E77F1857919000B2C285 /* TakeOutTests.m in Sources */,
			);
			runOnlyForDeploymentPostprocessing = 0;
		};
/* End PBXSourcesBuildPhase section */

/* Begin PBXTargetDependency section */
		DD50E7771857919000B2C285 /* PBXTargetDependency */ = {
			isa = PBXTargetDependency;
			target = DD50E7501857919000B2C285 /* TakeOut */;
			targetProxy = DD50E7761857919000B2C285 /* PBXContainerItemProxy */;
		};
/* End PBXTargetDependency section */

/* Begin PBXVariantGroup section */
		DD50E75D1857919000B2C285 /* InfoPlist.strings */ = {
			isa = PBXVariantGroup;
			children = (
				DD50E75E1857919000B2C285 /* en */,
			);
			name = InfoPlist.strings;
			sourceTree = "<group>";
		};
		DD50E7631857919000B2C285 /* Credits.rtf */ = {
			isa = PBXVariantGroup;
			children = (
				DD50E7641857919000B2C285 /* en */,
			);
			name = Credits.rtf;
			sourceTree = "<group>";
		};
		DD50E7691857919000B2C285 /* MainMenu.xib */ = {
			isa = PBXVariantGroup;
			children = (
				DD50E76A1857919000B2C285 /* Base */,
			);
			name = MainMenu.xib;
			sourceTree = "<group>";
		};
		DD50E77B1857919000B2C285 /* InfoPlist.strings */ = {
			isa = PBXVariantGroup;
			children = (
				DD50E77C1857919000B2C285 /* en */,
			);
			name = InfoPlist.strings;
			sourceTree = "<group>";
		};
/* End PBXVariantGroup section */

/* Begin XCBuildConfiguration section */
		DD50E7801857919000B2C285 /* Debug */ = {
			isa = XCBuildConfiguration;
			buildSettings = {
				ALWAYS_SEARCH_USER_PATHS = NO;
				CLANG_CXX_LANGUAGE_STANDARD = "gnu++0x";
				CLANG_CXX_LIBRARY = "libc++";
				CLANG_ENABLE_OBJC_ARC = YES;
				CLANG_WARN_BOOL_CONVERSION = YES;
				CLANG_WARN_CONSTANT_CONVERSION = YES;
				CLANG_WARN_DIRECT_OBJC_ISA_USAGE = YES_ERROR;
				CLANG_WARN_EMPTY_BODY = YES;
				CLANG_WARN_ENUM_CONVERSION = YES;
				CLANG_WARN_INT_CONVERSION = YES;
				CLANG_WARN_OBJC_ROOT_CLASS = YES_ERROR;
				CLANG_WARN__DUPLICATE_METHOD_MATCH = YES;
				COPY_PHASE_STRIP = NO;
				GCC_C_LANGUAGE_STANDARD = gnu99;
				GCC_DYNAMIC_NO_PIC = NO;
				GCC_ENABLE_OBJC_EXCEPTIONS = YES;
				GCC_OPTIMIZATION_LEVEL = 0;
				GCC_PREPROCESSOR_DEFINITIONS = (
					"DEBUG=1",
					"$(inherited)",
				);
				GCC_SYMBOLS_PRIVATE_EXTERN = NO;
				GCC_WARN_64_TO_32_BIT_CONVERSION = YES;
				GCC_WARN_ABOUT_RETURN_TYPE = YES_ERROR;
				GCC_WARN_UNDECLARED_SELECTOR = YES;
				GCC_WARN_UNINITIALIZED_AUTOS = YES;
				GCC_WARN_UNUSED_FUNCTION = YES;
				GCC_WARN_UNUSED_VARIABLE = YES;
				MACOSX_DEPLOYMENT_TARGET = 10.9;
				ONLY_ACTIVE_ARCH = YES;
				SDKROOT = macosx;
			};
			name = Debug;
		};
		DD50E7811857919000B2C285 /* Release */ = {
			isa = XCBuildConfiguration;
			buildSettings = {
				ALWAYS_SEARCH_USER_PATHS = NO;
				CLANG_CXX_LANGUAGE_STANDARD = "gnu++0x";
				CLANG_CXX_LIBRARY = "libc++";
				CLANG_ENABLE_OBJC_ARC = YES;
				CLANG_WARN_BOOL_CONVERSION = YES;
				CLANG_WARN_CONSTANT_CONVERSION = YES;
				CLANG_WARN_DIRECT_OBJC_ISA_USAGE = YES_ERROR;
				CLANG_WARN_EMPTY_BODY = YES;
				CLANG_WARN_ENUM_CONVERSION = YES;
				CLANG_WARN_INT_CONVERSION = YES;
				CLANG_WARN_OBJC_ROOT_CLASS = YES_ERROR;
				CLANG_WARN__DUPLICATE_METHOD_MATCH = YES;
				COPY_PHASE_STRIP = YES;
				DEBUG_INFORMATION_FORMAT = "dwarf-with-dsym";
				ENABLE_NS_ASSERTIONS = NO;
				GCC_C_LANGUAGE_STANDARD = gnu99;
				GCC_ENABLE_OBJC_EXCEPTIONS = YES;
				GCC_WARN_64_TO_32_BIT_CONVERSION = YES;
				GCC_WARN_ABOUT_RETURN_TYPE = YES_ERROR;
				GCC_WARN_UNDECLARED_SELECTOR = YES;
				GCC_WARN_UNINITIALIZED_AUTOS = YES;
				GCC_WARN_UNUSED_FUNCTION = YES;
				GCC_WARN_UNUSED_VARIABLE = YES;
				MACOSX_DEPLOYMENT_TARGET = 10.9;
				SDKROOT = macosx;
			};
			name = Release;
		};
		DD50E7831857919000B2C285 /* Debug */ = {
			isa = XCBuildConfiguration;
			buildSettings = {
				ASSETCATALOG_COMPILER_APPICON_NAME = AppIcon;
				COMBINE_HIDPI_IMAGES = YES;
				GCC_PRECOMPILE_PREFIX_HEADER = YES;
				GCC_PREFIX_HEADER = "TakeOut/TakeOut-Prefix.pch";
				INFOPLIST_FILE = "TakeOut/TakeOut-Info.plist";
				PRODUCT_NAME = "$(TARGET_NAME)";
				WRAPPER_EXTENSION = app;
			};
			name = Debug;
		};
		DD50E7841857919000B2C285 /* Release */ = {
			isa = XCBuildConfiguration;
			buildSettings = {
				ASSETCATALOG_COMPILER_APPICON_NAME = AppIcon;
				COMBINE_HIDPI_IMAGES = YES;
				GCC_PRECOMPILE_PREFIX_HEADER = YES;
				GCC_PREFIX_HEADER = "TakeOut/TakeOut-Prefix.pch";
				INFOPLIST_FILE = "TakeOut/TakeOut-Info.plist";
				PRODUCT_NAME = "$(TARGET_NAME)";
				WRAPPER_EXTENSION = app;
			};
			name = Release;
		};
		DD50E7861857919000B2C285 /* Debug */ = {
			isa = XCBuildConfiguration;
			buildSettings = {
				BUNDLE_LOADER = "$(BUILT_PRODUCTS_DIR)/TakeOut.app/Contents/MacOS/TakeOut";
				COMBINE_HIDPI_IMAGES = YES;
				FRAMEWORK_SEARCH_PATHS = (
					"$(DEVELOPER_FRAMEWORKS_DIR)",
					"$(inherited)",
				);
				GCC_PRECOMPILE_PREFIX_HEADER = YES;
				GCC_PREFIX_HEADER = "TakeOut/TakeOut-Prefix.pch";
				GCC_PREPROCESSOR_DEFINITIONS = (
					"DEBUG=1",
					"$(inherited)",
				);
				INFOPLIST_FILE = "TakeOutTests/TakeOutTests-Info.plist";
				PRODUCT_NAME = "$(TARGET_NAME)";
				TEST_HOST = "$(BUNDLE_LOADER)";
				WRAPPER_EXTENSION = xctest;
			};
			name = Debug;
		};
		DD50E7871857919000B2C285 /* Release */ = {
			isa = XCBuildConfiguration;
			buildSettings = {
				BUNDLE_LOADER = "$(BUILT_PRODUCTS_DIR)/TakeOut.app/Contents/MacOS/TakeOut";
				COMBINE_HIDPI_IMAGES = YES;
				FRAMEWORK_SEARCH_PATHS = (
					"$(DEVELOPER_FRAMEWORKS_DIR)",
					"$(inherited)",
				);
				GCC_PRECOMPILE_PREFIX_HEADER = YES;
				GCC_PREFIX_HEADER = "TakeOut/TakeOut-Prefix.pch";
				INFOPLIST_FILE = "TakeOutTests/TakeOutTests-Info.plist";
				PRODUCT_NAME = "$(TARGET_NAME)";
				TEST_HOST = "$(BUNDLE_LOADER)";
				WRAPPER_EXTENSION = xctest;
			};
			name = Release;
		};
/* End XCBuildConfiguration section */

/* Begin XCConfigurationList section */
		DD50E74C1857919000B2C285 /* Build configuration list for PBXProject "TakeOut" */ = {
			isa = XCConfigurationList;
			buildConfigurations = (
				DD50E7801857919000B2C285 /* Debug */,
				DD50E7811857919000B2C285 /* Release */,
			);
			defaultConfigurationIsVisible = 0;
			defaultConfigurationName = Release;
		};
		DD50E7821857919000B2C285 /* Build configuration list for PBXNativeTarget "TakeOut" */ = {
			isa = XCConfigurationList;
			buildConfigurations = (
				DD50E7831857919000B2C285 /* Debug */,
				DD50E7841857919000B2C285 /* Release */,
			);
			defaultConfigurationIsVisible = 0;
		};
		DD50E7851857919000B2C285 /* Build configuration list for PBXNativeTarget "TakeOutTests" */ = {
			isa = XCConfigurationList;
			buildConfigurations = (
				DD50E7861857919000B2C285 /* Debug */,
				DD50E7871857919000B2C285 /* Release */,
			);
			defaultConfigurationIsVisible = 0;
		};
/* End XCConfigurationList section */
	};
	rootObject = DD50E7491857919000B2C285 /* Project object */;
}
